
Microsoft Visual Studio Solution File, Format Version 12.00
# Visual Studio Version 17
VisualStudioVersion = 17.2.32630.192
MinimumVisualStudioVersion = 10.0.40219.1
Project("{FAE04EC0-301F-11D3-BF4B-00C04F79EFBC}") = "FethlerV2", "FethlerV2\FethlerV2.csproj", "{DA032ECC-A4B5-4CFC-8B3F-CA057CA76C5C}"
EndProject
Project("{54435603-DBB4-11D2-8724-00A0C9A8B90C}") = "SetupFetihler", "SetupFetihler\SetupFetihler.vdproj", "{5D2D2841-8EC7-4ACB-B373-36936FF63954}"
EndProject
Global
	GlobalSection(SolutionConfigurationPlatforms) = preSolution
		Debug|Any CPU = Debug|Any CPU
		Release|Any CPU = Release|Any CPU
	EndGlobalSection
	GlobalSection(ProjectConfigurationPlatforms) = postSolution
		{DA032ECC-A4B5-4CFC-8B3F-CA057CA76C5C}.Debug|Any CPU.ActiveCfg = Debug|Any CPU
		{DA032ECC-A4B5-4CFC-8B3F-CA057CA76C5C}.Debug|Any CPU.Build.0 = Debug|Any CPU
		{DA032ECC-A4B5-4CFC-8B3F-CA057CA76C5C}.Release|Any CPU.ActiveCfg = Release|Any CPU
		{DA032ECC-A4B5-4CFC-8B3F-CA057CA76C5C}.Release|Any CPU.Build.0 = Release|Any CPU
		{5D2D2841-8EC7-4ACB-B373-36936FF63954}.Debug|Any CPU.ActiveCfg = Debug
		{5D2D2841-8EC7-4ACB-B373-36936FF63954}.Release|Any CPU.ActiveCfg = Release
	EndGlobalSection
	GlobalSection(SolutionProperties) = preSolution
		HideSolutionNode = FALSE
	EndGlobalSection
	GlobalSection(ExtensibilityGlobals) = postSolution
		SolutionGuid = {8BE6E691-D27F-4922-9497-A9E7B7C40D67}
	EndGlobalSection
EndGlobal
